# Generated by pub
# See https://dart.dev/tools/pub/glossary#lockfile
packages:
  args:
    dependency: "direct main"
    description:
      name: args
      url: "https://pub.flutter-io.cn"
    source: hosted
    version: "1.6.0"
  path:
    dependency: "direct main"
    description:
      name: path
      url: "https://pub.flutter-io.cn"
    source: hosted
    version: "1.7.0"
sdks:
  dart: ">=2.3.0 <3.0.0"
