# Generated by pub
# See https://dart.dev/tools/pub/glossary#lockfile
packages:
  async:
    dependency: transitive
    description:
      name: async
      url: "https://pub.flutter-io.cn"
    source: hosted
    version: "2.10.0"
  characters:
    dependency: transitive
    description:
      name: characters
      url: "https://pub.flutter-io.cn"
    source: hosted
    version: "1.1.0"
  collection:
    dependency: transitive
    description:
      name: collection
      url: "https://pub.flutter-io.cn"
    source: hosted
    version: "1.15.0"
  file:
    dependency: transitive
    description:
      name: file
      url: "https://pub.flutter-io.cn"
    source: hosted
    version: "6.1.4"
  flutter:
    dependency: "direct main"
    description:
      path: "../flutter"
      relative: true
    source: path
    version: "0.0.0"
  glob:
    dependency: "direct main"
    description:
      name: glob
      url: "https://pub.flutter-io.cn"
    source: hosted
    version: "2.1.1"
  json_patch:
    dependency: "direct main"
    description:
      name: json_patch
      url: "https://pub.flutter-io.cn"
    source: hosted
    version: "2.1.1"
  meta:
    dependency: transitive
    description:
      name: meta
      url: "https://pub.flutter-io.cn"
    source: hosted
    version: "1.3.0"
  mime_type:
    dependency: "direct main"
    description:
      name: mime_type
      url: "https://pub.flutter-io.cn"
    source: hosted
    version: "1.0.0"
  path:
    dependency: "direct main"
    description:
      name: path
      url: "https://pub.flutter-io.cn"
    source: hosted
    version: "1.8.3"
  source_span:
    dependency: transitive
    description:
      name: source_span
      url: "https://pub.flutter-io.cn"
    source: hosted
    version: "1.9.1"
  string_scanner:
    dependency: transitive
    description:
      name: string_scanner
      url: "https://pub.flutter-io.cn"
    source: hosted
    version: "1.2.0"
  term_glyph:
    dependency: transitive
    description:
      name: term_glyph
      url: "https://pub.flutter-io.cn"
    source: hosted
    version: "1.2.1"
  typed_data:
    dependency: transitive
    description:
      name: typed_data
      url: "https://pub.flutter-io.cn"
    source: hosted
    version: "1.3.0"
  usage:
    dependency: "direct main"
    description:
      name: usage
      url: "https://pub.flutter-io.cn"
    source: hosted
    version: "4.0.2"
  vector_math:
    dependency: transitive
    description:
      name: vector_math
      url: "https://pub.flutter-io.cn"
    source: hosted
    version: "2.1.0"
  vm_service:
    dependency: "direct main"
    description:
      name: vm_service
      url: "https://pub.flutter-io.cn"
    source: hosted
    version: "6.2.0"
  watcher:
    dependency: "direct main"
    description:
      name: watcher
      url: "https://pub.flutter-io.cn"
    source: hosted
    version: "1.0.2"
sdks:
  dart: ">=2.18.0 <3.0.0"
