# Generated by pub
# See https://dart.dev/tools/pub/glossary#lockfile
packages:
  async:
    dependency: transitive
    description:
      name: async
      sha256: "947bfcf187f74dbc5e146c9eb9c0f10c9f8b30743e341481c1e2ed3ecc18c20c"
      url: "https://pub.flutter-io.cn"
    source: hosted
    version: "2.11.0"
  characters:
    dependency: transitive
    description:
      name: characters
      sha256: "9a462645329872f11cf4709edf4ae7b092bf60d3d6b6a072a39ab18311e04bb7"
      url: "https://pub.flutter-io.cn"
    source: hosted
    version: "1.1.0"
  cli_dialog:
    dependency: transitive
    description:
      name: cli_dialog
      sha256: "47530e1c4a6190662954cefce196d35143c4ed2675ea697d6e542790bdef5641"
      url: "https://pub.flutter-io.cn"
    source: hosted
    version: "0.5.0"
  clock:
    dependency: transitive
    description:
      name: clock
      sha256: cb6d7f03e1de671e34607e909a7213e31d7752be4fb66a86d29fe1eb14bfb5cf
      url: "https://pub.flutter-io.cn"
    source: hosted
    version: "1.1.1"
  collection:
    dependency: transitive
    description:
      name: collection
      sha256: "6d4193120997ecfd09acf0e313f13dc122b119e5eca87ef57a7d065ec9183762"
      url: "https://pub.flutter-io.cn"
    source: hosted
    version: "1.15.0"
  crypto:
    dependency: transitive
    description:
      name: crypto
      sha256: ff625774173754681d66daaf4a448684fb04b78f902da9cb3d308c19cc5e8bab
      url: "https://pub.flutter-io.cn"
    source: hosted
    version: "3.0.3"
  dart_console:
    dependency: transitive
    description:
      name: dart_console
      sha256: "1cefa721c5d951e6f11802bf555efaffacfe67a3b181395384d56db8f906bffa"
      url: "https://pub.flutter-io.cn"
    source: hosted
    version: "1.1.1"
  dio:
    dependency: "direct main"
    description:
      path: dio
      ref: HEAD
      resolved-ref: "59347ee1757fdcddfa5618209fec1995da33fc3e"
      url: "https://github.com/mpflutter-plugins/dio"
    source: git
    version: "4.0.1+1"
  equatable:
    dependency: transitive
    description:
      name: equatable
      sha256: c2b87cb7756efdf69892005af546c56c0b5037f54d2a88269b4f347a505e3ca2
      url: "https://pub.flutter-io.cn"
    source: hosted
    version: "2.0.5"
  ffi:
    dependency: transitive
    description:
      name: ffi
      sha256: ed5337a5660c506388a9f012be0288fb38b49020ce2b45fe1f8b8323fe429f99
      url: "https://pub.flutter-io.cn"
    source: hosted
    version: "2.0.2"
  file:
    dependency: transitive
    description:
      name: file
      sha256: "1b92bec4fc2a72f59a8e15af5f52cd441e4a7860b49499d69dfa817af20e925d"
      url: "https://pub.flutter-io.cn"
    source: hosted
    version: "6.1.4"
  fl_chart:
    dependency: "direct main"
    description:
      path: "."
      ref: HEAD
      resolved-ref: e23ee6c37e244593335489ba4f51238d411f700c
      url: "https://github.com/mpflutter-plugins/fl_chart.git"
    source: git
    version: "0.60.0"
  flutter:
    dependency: "direct main"
    description:
      path: "../flutter"
      relative: true
    source: path
    version: "0.0.0"
  flutter_web_plugins:
    dependency: "direct main"
    description:
      path: "../flutter_web_plugins"
      relative: true
    source: path
    version: "0.0.0"
  glob:
    dependency: transitive
    description:
      name: glob
      sha256: "0e7014b3b7d4dac1ca4d6114f82bf1782ee86745b9b42a92c9289c23d8a0ab63"
      url: "https://pub.flutter-io.cn"
    source: hosted
    version: "2.1.2"
  http:
    dependency: "direct main"
    description:
      path: "."
      ref: HEAD
      resolved-ref: d4994b9c2026d1d773de8b4772c10cd121e3e4a1
      url: "https://github.com/mpflutter-plugins/http"
    source: git
    version: "0.13.5"
  http_parser:
    dependency: transitive
    description:
      name: http_parser
      sha256: "2aa08ce0341cc9b354a498388e30986515406668dbcc4f7c950c3e715496693b"
      url: "https://pub.flutter-io.cn"
    source: hosted
    version: "4.0.2"
  intl:
    dependency: transitive
    description:
      name: intl
      sha256: "910f85bce16fb5c6f614e117efa303e85a1731bb0081edf3604a2ae6e9a3cc91"
      url: "https://pub.flutter-io.cn"
    source: hosted
    version: "0.17.0"
  meta:
    dependency: transitive
    description:
      name: meta
      sha256: "98a7492d10d7049ea129fd4e50f7cdd2d5008522b1dfa1148bbbc542b9dd21f7"
      url: "https://pub.flutter-io.cn"
    source: hosted
    version: "1.3.0"
  mime_type:
    dependency: transitive
    description:
      name: mime_type
      sha256: "2ad6e67d3d2de9ac0f8ef5352d998fd103cb21351ae8c02fb0c78b079b37d275"
      url: "https://pub.flutter-io.cn"
    source: hosted
    version: "1.0.0"
  mp_build_tools:
    dependency: "direct main"
    description:
      path: "../mp_build_tools"
      relative: true
    source: path
    version: "1.0.0+1"
  mp_file:
    dependency: "direct main"
    description:
      path: "."
      ref: HEAD
      resolved-ref: e4083ac07bdbea0c9922ca9a6fcbc55f90b811bd
      url: "https://github.com/mpflutter-plugins/mp_file"
    source: git
    version: "0.3.0"
  mp_wasm:
    dependency: "direct main"
    description:
      path: "."
      ref: HEAD
      resolved-ref: "3d0da1a4aed00b65825f0ec3caeb4f35455186ee"
      url: "https://github.com/mpflutter-plugins/mp_wasm.git"
    source: git
    version: "0.0.1"
  mpcore:
    dependency: "direct main"
    description:
      path: "../mpcore"
      relative: true
    source: path
    version: "0.0.1"
  mpflutter_plugin_template:
    dependency: "direct main"
    description:
      path: "."
      ref: HEAD
      resolved-ref: "379f88e9b6dc2484ff4c59e84ab4559f88063fd3"
      url: "https://github.com/mpflutter/mpflutter_plugin_template"
    source: git
    version: "0.0.1"
  path:
    dependency: transitive
    description:
      name: path
      sha256: "8829d8a55c13fc0e37127c29fedf290c102f4e40ae94ada574091fe0ff96c917"
      url: "https://pub.flutter-io.cn"
    source: hosted
    version: "1.8.3"
  pedantic:
    dependency: transitive
    description:
      name: pedantic
      sha256: "67fc27ed9639506c856c840ccce7594d0bdcd91bc8d53d6e52359449a1d50602"
      url: "https://pub.flutter-io.cn"
    source: hosted
    version: "1.11.1"
  shared_preferences:
    dependency: "direct main"
    description:
      path: "."
      ref: HEAD
      resolved-ref: "152bd0e506125574df6aa0463222a7052d8f8155"
      url: "https://github.com/mpflutter-plugins/shared_preferences"
    source: git
    version: "2.0.8"
  source_span:
    dependency: transitive
    description:
      name: source_span
      sha256: "53e943d4206a5e30df338fd4c6e7a077e02254531b138a15aec3bd143c1a8b3c"
      url: "https://pub.flutter-io.cn"
    source: hosted
    version: "1.10.0"
  string_scanner:
    dependency: transitive
    description:
      name: string_scanner
      sha256: "556692adab6cfa87322a115640c11f13cb77b3f076ddcc5d6ae3c20242bedcde"
      url: "https://pub.flutter-io.cn"
    source: hosted
    version: "1.2.0"
  term_glyph:
    dependency: transitive
    description:
      name: term_glyph
      sha256: a29248a84fbb7c79282b40b8c72a1209db169a2e0542bce341da992fe1bc7e84
      url: "https://pub.flutter-io.cn"
    source: hosted
    version: "1.2.1"
  typed_data:
    dependency: transitive
    description:
      name: typed_data
      sha256: "53bdf7e979cfbf3e28987552fd72f637e63f3c8724c9e56d9246942dc2fa36ee"
      url: "https://pub.flutter-io.cn"
    source: hosted
    version: "1.3.0"
  universal_miniprogram_api:
    dependency: "direct main"
    description:
      path: "."
      ref: HEAD
      resolved-ref: "3c31e1292600df12b0193212269cc0df7b88afe3"
      url: "https://github.com/mpflutter-plugins/universal_miniprogram_api"
    source: git
    version: "0.1.6"
  usage:
    dependency: transitive
    description:
      name: usage
      sha256: "5ecee630efef684f48c9b9e688974cf16e746c092f4bd97d847468d036a73cbd"
      url: "https://pub.flutter-io.cn"
    source: hosted
    version: "4.0.2"
  vector_math:
    dependency: transitive
    description:
      name: vector_math
      sha256: "15cdf04f64b23c2ff6b999c193cbb0c928698dc602ed73075b9562527fcb5bb5"
      url: "https://pub.flutter-io.cn"
    source: hosted
    version: "2.1.0"
  vm_service:
    dependency: transitive
    description:
      name: vm_service
      sha256: "422eda09e2a50eb27fe9eca2c897d624cea7fa432a8442e1ea1a10d50a4321ab"
      url: "https://pub.flutter-io.cn"
    source: hosted
    version: "6.2.0"
  watcher:
    dependency: transitive
    description:
      name: watcher
      sha256: "3d2ad6751b3c16cf07c7fca317a1413b3f26530319181b37e3b9039b84fc01d8"
      url: "https://pub.flutter-io.cn"
    source: hosted
    version: "1.1.0"
  win32:
    dependency: transitive
    description:
      name: win32
      sha256: "6b75ac2ddd42f5c226fdaf4498a2b04071c06f1f2b8f7ab1c3f77cc7f2285ff1"
      url: "https://pub.flutter-io.cn"
    source: hosted
    version: "2.7.0"
sdks:
  dart: ">=3.0.0 <4.0.0"
