# Generated by pub
# See https://dart.dev/tools/pub/glossary#lockfile
packages:
  async:
    dependency: transitive
    description:
      name: async
      url: "https://pub.mpflutter.com"
    source: hosted
    version: "2.8.2"
  characters:
    dependency: transitive
    description:
      name: characters
      url: "https://pub.mpflutter.com"
    source: hosted
    version: "1.1.0"
  charcode:
    dependency: transitive
    description:
      name: charcode
      url: "https://pub.mpflutter.com"
    source: hosted
    version: "1.3.1"
  cli_dialog:
    dependency: transitive
    description:
      name: cli_dialog
      url: "https://pub.mpflutter.com"
    source: hosted
    version: "0.5.0"
  collection:
    dependency: transitive
    description:
      name: collection
      url: "https://pub.mpflutter.com"
    source: hosted
    version: "1.15.0"
  crypto:
    dependency: transitive
    description:
      name: crypto
      url: "https://pub.mpflutter.com"
    source: hosted
    version: "3.0.1"
  dart_console:
    dependency: transitive
    description:
      name: dart_console
      url: "https://pub.mpflutter.com"
    source: hosted
    version: "1.0.0"
  dio:
    dependency: "direct main"
    description:
      path: dio
      ref: HEAD
      resolved-ref: "5c9cd36eebc848e5e31199a253123d849732ebf6"
      url: "https://github.com/mpflutter-plugins/dio"
    source: git
    version: "4.0.1"
  ffi:
    dependency: transitive
    description:
      name: ffi
      url: "https://pub.mpflutter.com"
    source: hosted
    version: "1.1.2"
  file:
    dependency: transitive
    description:
      name: file
      url: "https://pub.mpflutter.com"
    source: hosted
    version: "6.1.2"
  flutter:
    dependency: "direct main"
    description:
      path: "../flutter"
      relative: true
    source: path
    version: "0.0.0"
  flutter_web_plugins:
    dependency: "direct main"
    description:
      path: "../flutter_web_plugins"
      relative: true
    source: path
    version: "0.0.0"
  glob:
    dependency: transitive
    description:
      name: glob
      url: "https://pub.mpflutter.com"
    source: hosted
    version: "2.0.2"
  http:
    dependency: "direct main"
    description:
      path: "."
      ref: HEAD
      resolved-ref: d67b40dc179a2e36d3e7880b8478652917e3b751
      url: "https://github.com/mpflutter-plugins/http"
    source: git
    version: "0.13.1"
  http_parser:
    dependency: transitive
    description:
      name: http_parser
      url: "https://pub.mpflutter.com"
    source: hosted
    version: "4.0.0"
  json_patch:
    dependency: transitive
    description:
      name: json_patch
      url: "https://pub.mpflutter.com"
    source: hosted
    version: "2.1.1"
  meta:
    dependency: transitive
    description:
      name: meta
      url: "https://pub.mpflutter.com"
    source: hosted
    version: "1.3.0"
  mime_type:
    dependency: transitive
    description:
      name: mime_type
      url: "https://pub.mpflutter.com"
    source: hosted
    version: "1.0.0"
  mp_build_tools:
    dependency: "direct main"
    description:
      path: "../mp_build_tools"
      relative: true
    source: path
    version: "1.0.0+1"
  mpcore:
    dependency: "direct main"
    description:
      path: "../mpcore"
      relative: true
    source: path
    version: "0.0.1"
  mpflutter_plugin_template:
    dependency: "direct main"
    description:
      path: "."
      ref: HEAD
      resolved-ref: eeeadc736852ceac8a6bb11443c73244cd17aff2
      url: "https://github.com/mpflutter/mpflutter_plugin_template"
    source: git
    version: "0.0.1"
  path:
    dependency: transitive
    description:
      name: path
      url: "https://pub.mpflutter.com"
    source: hosted
    version: "1.8.1"
  pedantic:
    dependency: transitive
    description:
      name: pedantic
      url: "https://pub.mpflutter.com"
    source: hosted
    version: "1.11.1"
  shared_preferences:
    dependency: "direct main"
    description:
      path: "."
      ref: HEAD
      resolved-ref: b6208bf3a50a3f0a3244080595fe01c63581b869
      url: "https://github.com/mpflutter-plugins/shared_preferences"
    source: git
    version: "2.0.8"
  source_span:
    dependency: transitive
    description:
      name: source_span
      url: "https://pub.mpflutter.com"
    source: hosted
    version: "1.8.2"
  string_scanner:
    dependency: transitive
    description:
      name: string_scanner
      url: "https://pub.mpflutter.com"
    source: hosted
    version: "1.1.0"
  term_glyph:
    dependency: transitive
    description:
      name: term_glyph
      url: "https://pub.mpflutter.com"
    source: hosted
    version: "1.2.0"
  typed_data:
    dependency: transitive
    description:
      name: typed_data
      url: "https://pub.mpflutter.com"
    source: hosted
    version: "1.3.0"
  universal_miniprogram_api:
    dependency: "direct main"
    description:
      path: "."
      ref: HEAD
      resolved-ref: a6129b36072289774b49c5fa0ab0495265f0daa7
      url: "https://github.com/mpflutter-plugins/universal_miniprogram_api"
    source: git
    version: "0.0.3"
  usage:
    dependency: transitive
    description:
      name: usage
      url: "https://pub.mpflutter.com"
    source: hosted
    version: "4.0.2"
  vector_math:
    dependency: transitive
    description:
      name: vector_math
      url: "https://pub.mpflutter.com"
    source: hosted
    version: "2.1.0"
  vm_service:
    dependency: transitive
    description:
      name: vm_service
      url: "https://pub.mpflutter.com"
    source: hosted
    version: "6.2.0"
  watcher:
    dependency: transitive
    description:
      name: watcher
      url: "https://pub.mpflutter.com"
    source: hosted
    version: "1.0.1"
  win32:
    dependency: transitive
    description:
      name: win32
      url: "https://pub.mpflutter.com"
    source: hosted
    version: "2.3.6"
sdks:
  dart: ">=2.14.0 <3.0.0"
