# Generated by pub
# See https://dart.dev/tools/pub/glossary#lockfile
packages:
  async:
    dependency: transitive
    description:
      name: async
      url: "https://pub.flutter-io.cn"
    source: hosted
    version: "2.10.0"
  characters:
    dependency: transitive
    description:
      name: characters
      url: "https://pub.flutter-io.cn"
    source: hosted
    version: "1.1.0"
  cli_dialog:
    dependency: transitive
    description:
      name: cli_dialog
      url: "https://pub.flutter-io.cn"
    source: hosted
    version: "0.5.0"
  clock:
    dependency: transitive
    description:
      name: clock
      url: "https://pub.flutter-io.cn"
    source: hosted
    version: "1.1.1"
  collection:
    dependency: transitive
    description:
      name: collection
      url: "https://pub.flutter-io.cn"
    source: hosted
    version: "1.15.0"
  crypto:
    dependency: transitive
    description:
      name: crypto
      url: "https://pub.flutter-io.cn"
    source: hosted
    version: "3.0.2"
  dart_console:
    dependency: transitive
    description:
      name: dart_console
      url: "https://pub.flutter-io.cn"
    source: hosted
    version: "1.1.1"
  dio:
    dependency: "direct main"
    description:
      path: dio
      ref: HEAD
      resolved-ref: "59347ee1757fdcddfa5618209fec1995da33fc3e"
      url: "https://github.com/mpflutter-plugins/dio"
    source: git
    version: "4.0.1+1"
  equatable:
    dependency: transitive
    description:
      name: equatable
      url: "https://pub.flutter-io.cn"
    source: hosted
    version: "2.0.5"
  ffi:
    dependency: transitive
    description:
      name: ffi
      url: "https://pub.flutter-io.cn"
    source: hosted
    version: "2.0.1"
  file:
    dependency: transitive
    description:
      name: file
      url: "https://pub.flutter-io.cn"
    source: hosted
    version: "6.1.4"
  fl_chart:
    dependency: "direct main"
    description:
      path: "."
      ref: HEAD
      resolved-ref: e23ee6c37e244593335489ba4f51238d411f700c
      url: "https://github.com/mpflutter-plugins/fl_chart.git"
    source: git
    version: "0.60.0"
  flutter:
    dependency: "direct main"
    description:
      path: "../flutter"
      relative: true
    source: path
    version: "0.0.0"
  flutter_web_plugins:
    dependency: "direct main"
    description:
      path: "../flutter_web_plugins"
      relative: true
    source: path
    version: "0.0.0"
  glob:
    dependency: transitive
    description:
      name: glob
      url: "https://pub.flutter-io.cn"
    source: hosted
    version: "2.1.1"
  http:
    dependency: "direct main"
    description:
      path: "."
      ref: HEAD
      resolved-ref: f7eab2314cc14d4c5c371fbcfe65815632986f68
      url: "https://github.com/mpflutter-plugins/http"
    source: git
    version: "0.13.4"
  http_parser:
    dependency: transitive
    description:
      name: http_parser
      url: "https://pub.flutter-io.cn"
    source: hosted
    version: "4.0.2"
  intl:
    dependency: transitive
    description:
      name: intl
      url: "https://pub.flutter-io.cn"
    source: hosted
    version: "0.17.0"
  json_patch:
    dependency: transitive
    description:
      name: json_patch
      url: "https://pub.flutter-io.cn"
    source: hosted
    version: "2.1.1"
  meta:
    dependency: transitive
    description:
      name: meta
      url: "https://pub.flutter-io.cn"
    source: hosted
    version: "1.3.0"
  mime_type:
    dependency: transitive
    description:
      name: mime_type
      url: "https://pub.flutter-io.cn"
    source: hosted
    version: "1.0.0"
  mp_build_tools:
    dependency: "direct main"
    description:
      path: "../mp_build_tools"
      relative: true
    source: path
    version: "1.0.0+1"
  mp_file:
    dependency: "direct main"
    description:
      path: "."
      ref: HEAD
      resolved-ref: cd53b72a80787c423972a9bce15e3a3b9d8f88ff
      url: "https://github.com/mpflutter-plugins/mp_file"
    source: git
    version: "0.2.0"
  mpcore:
    dependency: "direct main"
    description:
      path: "../mpcore"
      relative: true
    source: path
    version: "0.0.1"
  mpflutter_plugin_template:
    dependency: "direct main"
    description:
      path: "."
      ref: HEAD
      resolved-ref: "379f88e9b6dc2484ff4c59e84ab4559f88063fd3"
      url: "https://github.com/mpflutter/mpflutter_plugin_template"
    source: git
    version: "0.0.1"
  path:
    dependency: transitive
    description:
      name: path
      url: "https://pub.flutter-io.cn"
    source: hosted
    version: "1.8.3"
  pedantic:
    dependency: transitive
    description:
      name: pedantic
      url: "https://pub.flutter-io.cn"
    source: hosted
    version: "1.11.1"
  shared_preferences:
    dependency: "direct main"
    description:
      path: "."
      ref: HEAD
      resolved-ref: b6208bf3a50a3f0a3244080595fe01c63581b869
      url: "https://github.com/mpflutter-plugins/shared_preferences"
    source: git
    version: "2.0.8"
  source_span:
    dependency: transitive
    description:
      name: source_span
      url: "https://pub.flutter-io.cn"
    source: hosted
    version: "1.9.1"
  string_scanner:
    dependency: transitive
    description:
      name: string_scanner
      url: "https://pub.flutter-io.cn"
    source: hosted
    version: "1.2.0"
  term_glyph:
    dependency: transitive
    description:
      name: term_glyph
      url: "https://pub.flutter-io.cn"
    source: hosted
    version: "1.2.1"
  typed_data:
    dependency: transitive
    description:
      name: typed_data
      url: "https://pub.flutter-io.cn"
    source: hosted
    version: "1.3.0"
  universal_miniprogram_api:
    dependency: "direct main"
    description:
      path: "."
      ref: HEAD
      resolved-ref: "124d6899b9bfec60f02f502ffdc2798feef91b04"
      url: "https://github.com/mpflutter-plugins/universal_miniprogram_api"
    source: git
    version: "0.1.0"
  usage:
    dependency: transitive
    description:
      name: usage
      url: "https://pub.flutter-io.cn"
    source: hosted
    version: "4.0.2"
  vector_math:
    dependency: transitive
    description:
      name: vector_math
      url: "https://pub.flutter-io.cn"
    source: hosted
    version: "2.1.0"
  vm_service:
    dependency: transitive
    description:
      name: vm_service
      url: "https://pub.flutter-io.cn"
    source: hosted
    version: "6.2.0"
  watcher:
    dependency: transitive
    description:
      name: watcher
      url: "https://pub.flutter-io.cn"
    source: hosted
    version: "1.0.2"
  win32:
    dependency: transitive
    description:
      name: win32
      url: "https://pub.flutter-io.cn"
    source: hosted
    version: "2.7.0"
sdks:
  dart: ">=2.18.0 <3.0.0"
